PODS:
  - Alamofire (4.6.0)
  - Cloudinary (2.2.1):
    - Alamofire (~> 4.6.0)

DEPENDENCIES:
  - Cloudinary (~> 2.2)

SPEC CHECKSUMS:
  Alamofire: f41a599bd63041760b26d393ec1069d9d7b917f4
  Cloudinary: 07e097f695655a8aae869f0de157e9f12671282f

PODFILE CHECKSUM: 707faca810d735470b1d66011e6bfa876925119b

COCOAPODS: 1.4.0
